{
  "name": "r2g",
  "version": "0.0.106",
  "lockfileVersion": 1,
  "requires": true,
  "dependencies": {
    "@oresoftware/shell": {
      "version": "0.0.103",
      "resolved": "https://registry.npmjs.org/@oresoftware/shell/-/shell-0.0.103.tgz",
      "integrity": "sha512-CVlOe+9U4UgEUV7Ciig+9OcXZImQcA/djBVLQg4oSrFXpSyZWNHE5LSRNcmR4V8jvHXLlH/kfjivdw+VovHAIg==",
      "requires": {
        "gmx": "0.0.115",
        "r2g": "0.0.106"
      }
    },
    "@types/core-js": {
      "version": "0.9.46",
      "resolved": "https://registry.npmjs.org/@types/core-js/-/core-js-0.9.46.tgz",
      "integrity": "sha512-LooLR6XHes9V+kNYRz1Qm8w3atw9QMn7XeZUmIpUelllF9BdryeUKd/u0Wh5ErcjpWfG39NrToU9MF7ngsTFVw==",
      "dev": true
    },
    "@types/node": {
      "version": "9.6.2",
      "resolved": "https://registry.npmjs.org/@types/node/-/node-9.6.2.tgz",
      "integrity": "sha512-UWkRY9X7RQHp5OhhRIIka58/gVVycL1zHZu0OTsT5LI86ABaMOSbUjAl+b0FeDhQcxclrkyft3kW5QWdMRs8wQ==",
      "dev": true
    },
    "ansi-styles": {
      "version": "3.2.1",
      "resolved": "https://registry.npmjs.org/ansi-styles/-/ansi-styles-3.2.1.tgz",
      "integrity": "sha512-VT0ZI6kZRdTh8YyJw3SMbYm/u+NqfsAxEpWO0Pf9sq8/e94WxxOpPKx9FR1FlyCtOVDNOQ+8ntlqFxiRc+r5qA==",
      "requires": {
        "color-convert": "1.9.1"
      }
    },
    "assert-plus": {
      "version": "1.0.0",
      "resolved": "https://registry.npmjs.org/assert-plus/-/assert-plus-1.0.0.tgz",
      "integrity": "sha1-8S4PPF13sLHN2RRpQuTpbB5N1SU="
    },
    "chalk": {
      "version": "2.4.1",
      "resolved": "https://registry.npmjs.org/chalk/-/chalk-2.4.1.tgz",
      "integrity": "sha512-ObN6h1v2fTJSmUXoS3nMQ92LbDK9be4TV+6G+omQlGJFdcUX5heKi1LZ1YnRMIgwTLEj3E24bT6tYni50rlCfQ==",
      "requires": {
        "ansi-styles": "3.2.1",
        "escape-string-regexp": "1.0.5",
        "supports-color": "5.4.0"
      }
    },
    "color-convert": {
      "version": "1.9.1",
      "resolved": "https://registry.npmjs.org/color-convert/-/color-convert-1.9.1.tgz",
      "integrity": "sha512-mjGanIiwQJskCC18rPR6OmrZ6fm2Lc7PeGFYwCmy5J34wC6F1PzdGL6xeMfmgicfYcNLGuVFA3WzXtIDCQSZxQ==",
      "requires": {
        "color-name": "1.1.3"
      }
    },
    "color-name": {
      "version": "1.1.3",
      "resolved": "https://registry.npmjs.org/color-name/-/color-name-1.1.3.tgz",
      "integrity": "sha1-p9BVi9icQveV3UIyj3QIMcpTvCU="
    },
    "dashdash": {
      "version": "1.14.1",
      "resolved": "https://registry.npmjs.org/dashdash/-/dashdash-1.14.1.tgz",
      "integrity": "sha1-hTz6D3y+L+1d4gMmuN1YEDX24vA=",
      "requires": {
        "assert-plus": "1.0.0"
      }
    },
    "escape-string-regexp": {
      "version": "1.0.5",
      "resolved": "https://registry.npmjs.org/escape-string-regexp/-/escape-string-regexp-1.0.5.tgz",
      "integrity": "sha1-G2HAViGQqN/2rjuyzwIAyhMLhtQ="
    },
    "gmx": {
      "version": "0.0.115",
      "resolved": "https://registry.npmjs.org/gmx/-/gmx-0.0.115.tgz",
      "integrity": "sha512-2FKYtSsepuipNFun5M9KvKvaynTZ3SNIL2BUfzP0AHD085867WLYK3thgU0EmlAo0awW2hCIRDAb1FpqY56Nhg==",
      "requires": {
        "@oresoftware/oresoftware.package.json": "0.0.1001",
        "chalk": "2.4.1",
        "dashdash": "1.14.1",
        "residence": "0.0.207"
      },
      "dependencies": {
        "@oresoftware/oresoftware.package.json": {
          "version": "0.0.1001",
          "resolved": "https://registry.npmjs.org/@oresoftware/oresoftware.package.json/-/oresoftware.package.json-0.0.1001.tgz",
          "integrity": "sha512-smngq87GbeUiNsYItbFOIHnZ1t1lA5c3PcHlG7stoVJPDTdYDIrFL91QvMeO6ufodSIBUgaxfMKfzAd30AiOfA=="
        }
      }
    },
    "has-flag": {
      "version": "3.0.0",
      "resolved": "https://registry.npmjs.org/has-flag/-/has-flag-3.0.0.tgz",
      "integrity": "sha1-tdRU3CGZriJWmfNGfloH87lVuv0="
    },
    "r2g": {
      "version": "0.0.106",
      "resolved": "https://registry.npmjs.org/r2g/-/r2g-0.0.106.tgz",
      "integrity": "sha512-96k4TtKEyJAGPktOpbF2hYMVyjvDX25FOLCovO8zX5iaLRUo1EgFx5T4iteR9k18Ahp60A12K23Omp069/rh4Q==",
      "requires": {
        "@oresoftware/oresoftware.package.json": "0.0.1001"
      },
      "dependencies": {
        "@oresoftware/oresoftware.package.json": {
          "version": "0.0.1001",
          "resolved": "https://registry.npmjs.org/@oresoftware/oresoftware.package.json/-/oresoftware.package.json-0.0.1001.tgz",
          "integrity": "sha512-smngq87GbeUiNsYItbFOIHnZ1t1lA5c3PcHlG7stoVJPDTdYDIrFL91QvMeO6ufodSIBUgaxfMKfzAd30AiOfA=="
        }
      }
    },
    "residence": {
      "version": "0.0.207",
      "resolved": "https://registry.npmjs.org/residence/-/residence-0.0.207.tgz",
      "integrity": "sha1-seVVlzxiN5Dwe84HftKSmYaKobo="
    },
    "supports-color": {
      "version": "5.4.0",
      "resolved": "https://registry.npmjs.org/supports-color/-/supports-color-5.4.0.tgz",
      "integrity": "sha512-zjaXglF5nnWpsq470jSv6P9DwPvgLkuapYmfDm3JWOm0vkNTVF2tI4UrN2r6jH1qM/uc/WtxYY1hYoA2dOKj5w==",
      "requires": {
        "has-flag": "3.0.0"
      }
    }
  }
}
