{
  "name": "r2g",
  "version": "0.2.011",
  "lockfileVersion": 2,
  "requires": true,
  "packages": {
    "": {
      "name": "r2g",
      "version": "0.2.011",
      "hasInstallScript": true,
      "license": "SEE LICENSE IN LICENSE.md",
      "dependencies": {
        "@oresoftware/deep.mixin": "0.0.107",
        "@oresoftware/shell": "*",
        "async": "^2.6.1",
        "chalk": "^2.4.1",
        "clean-trace": "*",
        "dashdash": "^1.14.1",
        "json-stdio": "*",
        "prepend-transform": "0.0.1016",
        "residence": "*",
        "shortid": "^2.2.8"
      },
      "bin": {
        "r2g": "cli/r2g.sh",
        "r2g_get_project_root": "cli/r2g_get_project_root.js",
        "r2g_symlink": "cli/r2g_symlink.sh"
      },
      "devDependencies": {
        "@types/async": "^2.0.49",
        "@types/node": "^9.6.2",
        "@types/shortid": "0.0.29"
      }
    },
    "node_modules/@oresoftware/deep.mixin": {
      "version": "0.0.107",
      "resolved": "https://registry.npmjs.org/@oresoftware/deep.mixin/-/deep.mixin-0.0.107.tgz",
      "integrity": "sha512-4reuZcCN6r4GZCl6VLuSKrZahtg7HA/q2wy4YoX+T/G5gHzuEpMD3/d5daoV/Vj6KP1F76iWOsn2H8EYz7g1Cg==",
      "hasInstallScript": true
    },
    "node_modules/@oresoftware/json-stream-parser": {
      "version": "0.0.111",
      "resolved": "https://registry.npmjs.org/@oresoftware/json-stream-parser/-/json-stream-parser-0.0.111.tgz",
      "integrity": "sha512-C6qIGvw81wk22QC9bKc7r+aTNLkgTeQFPpLVB+t3owcBcKg8v5m717XlVqIUAvw/1UcsjNg8BG9DWaQqrn34Fg==",
      "bin": {
        "json_parser": "cli/json-parser.js"
      }
    },
    "node_modules/@oresoftware/safe-stringify": {
      "version": "0.0.1006",
      "resolved": "https://registry.npmjs.org/@oresoftware/safe-stringify/-/safe-stringify-0.0.1006.tgz",
      "integrity": "sha512-PSbElr5oxmQS+byg7qdg7ZPEbfbHSzVSvKnweMTXfv6P2QXXJWXbPjWCQL8yZD0v6DFXnQW+oLTG2BVGxJXDwA==",
      "hasInstallScript": true
    },
    "node_modules/@oresoftware/shell": {
      "version": "0.0.110",
      "resolved": "https://registry.npmjs.org/@oresoftware/shell/-/shell-0.0.110.tgz",
      "integrity": "sha512-rLt2xV0KS4hMkGsZbxALJ1wJG7tEuD9KtdL5VPp497M5fIwipgUXhLgzuw7Q0L985AeUOM/KjvE9rfi1xnXZBw==",
      "bin": {
        "oresoftware_shell_generate": "assets/cli.sh"
      }
    },
    "node_modules/@types/async": {
      "version": "2.0.49",
      "resolved": "https://registry.npmjs.org/@types/async/-/async-2.0.49.tgz",
      "integrity": "sha512-Benr3i5odUkvpFkOpzGqrltGdbSs+EVCkEBGXbuR7uT0VzhXKIkhem6PDzHdx5EonA+rfbB3QvP6aDOw5+zp5Q==",
      "dev": true
    },
    "node_modules/@types/node": {
      "version": "9.6.23",
      "resolved": "https://registry.npmjs.org/@types/node/-/node-9.6.23.tgz",
      "integrity": "sha512-d2SJJpwkiPudEQ3+9ysANN2Nvz4QJKUPoe/WL5zyQzI0RaEeZWH5K5xjvUIGszTItHQpFPdH+u51f6G/LkS8Cg==",
      "dev": true
    },
    "node_modules/@types/shortid": {
      "version": "0.0.29",
      "resolved": "https://registry.npmjs.org/@types/shortid/-/shortid-0.0.29.tgz",
      "integrity": "sha1-gJPuBBam4r8qpjOBCRFLP7/6Dps=",
      "dev": true
    },
    "node_modules/ansi-styles": {
      "version": "3.2.1",
      "resolved": "https://registry.npmjs.org/ansi-styles/-/ansi-styles-3.2.1.tgz",
      "integrity": "sha512-VT0ZI6kZRdTh8YyJw3SMbYm/u+NqfsAxEpWO0Pf9sq8/e94WxxOpPKx9FR1FlyCtOVDNOQ+8ntlqFxiRc+r5qA==",
      "dependencies": {
        "color-convert": "^1.9.0"
      },
      "engines": {
        "node": ">=4"
      }
    },
    "node_modules/assert-plus": {
      "version": "1.0.0",
      "resolved": "https://registry.npmjs.org/assert-plus/-/assert-plus-1.0.0.tgz",
      "integrity": "sha1-8S4PPF13sLHN2RRpQuTpbB5N1SU=",
      "engines": {
        "node": ">=0.8"
      }
    },
    "node_modules/async": {
      "version": "2.6.4",
      "resolved": "https://registry.npmjs.org/async/-/async-2.6.4.tgz",
      "integrity": "sha512-mzo5dfJYwAn29PeiJ0zvwTo04zj8HDJj0Mn8TD7sno7q12prdbnasKJHhkm2c1LgrhlJ0teaea8860oxi51mGA==",
      "dependencies": {
        "lodash": "^4.17.14"
      }
    },
    "node_modules/chalk": {
      "version": "2.4.1",
      "resolved": "https://registry.npmjs.org/chalk/-/chalk-2.4.1.tgz",
      "integrity": "sha512-ObN6h1v2fTJSmUXoS3nMQ92LbDK9be4TV+6G+omQlGJFdcUX5heKi1LZ1YnRMIgwTLEj3E24bT6tYni50rlCfQ==",
      "dependencies": {
        "ansi-styles": "^3.2.1",
        "escape-string-regexp": "^1.0.5",
        "supports-color": "^5.3.0"
      },
      "engines": {
        "node": ">=4"
      }
    },
    "node_modules/clean-trace": {
      "version": "0.0.104",
      "resolved": "https://registry.npmjs.org/clean-trace/-/clean-trace-0.0.104.tgz",
      "integrity": "sha512-2CDboR5vTLvZPwXiGfjbh4P/GWewd5x/CBrJprPFw6GN5YGZ9yp4sc5i7F7bj3yHLcMV0b0RRFDBrRdVk7wUpA=="
    },
    "node_modules/color-convert": {
      "version": "1.9.2",
      "resolved": "https://registry.npmjs.org/color-convert/-/color-convert-1.9.2.tgz",
      "integrity": "sha512-3NUJZdhMhcdPn8vJ9v2UQJoH0qqoGUkYTgFEPZaPjEtwmmKUfNV46zZmgB2M5M4DCEQHMaCfWHCxiBflLm04Tg==",
      "dependencies": {
        "color-name": "1.1.1"
      }
    },
    "node_modules/color-name": {
      "version": "1.1.1",
      "resolved": "https://registry.npmjs.org/color-name/-/color-name-1.1.1.tgz",
      "integrity": "sha1-SxQVMEz1ACjqgWQ2Q72C6gWANok="
    },
    "node_modules/dashdash": {
      "version": "1.14.1",
      "resolved": "https://registry.npmjs.org/dashdash/-/dashdash-1.14.1.tgz",
      "integrity": "sha1-hTz6D3y+L+1d4gMmuN1YEDX24vA=",
      "dependencies": {
        "assert-plus": "^1.0.0"
      },
      "engines": {
        "node": ">=0.10"
      }
    },
    "node_modules/escape-string-regexp": {
      "version": "1.0.5",
      "resolved": "https://registry.npmjs.org/escape-string-regexp/-/escape-string-regexp-1.0.5.tgz",
      "integrity": "sha1-G2HAViGQqN/2rjuyzwIAyhMLhtQ=",
      "engines": {
        "node": ">=0.8.0"
      }
    },
    "node_modules/has-flag": {
      "version": "3.0.0",
      "resolved": "https://registry.npmjs.org/has-flag/-/has-flag-3.0.0.tgz",
      "integrity": "sha1-tdRU3CGZriJWmfNGfloH87lVuv0=",
      "engines": {
        "node": ">=4"
      }
    },
    "node_modules/json-stdio": {
      "version": "0.1.1011",
      "resolved": "https://registry.npmjs.org/json-stdio/-/json-stdio-0.1.1011.tgz",
      "integrity": "sha512-Cb4Uca/3/170gnot82DVJDzIBagHeBnRoNnHuzKsWCdW1kTVT4F+c33+yi5uLxWaUJZl3fiuCThRnwqaeLHfFA==",
      "dependencies": {
        "@oresoftware/json-stream-parser": "latest",
        "@oresoftware/safe-stringify": "latest"
      },
      "bin": {
        "json_stdio": "cli/stdio.js",
        "json_stdio_parse": "cli/parse.js",
        "stdio": "cli/stdio.js"
      }
    },
    "node_modules/lodash": {
      "version": "4.17.15",
      "resolved": "https://registry.npmjs.org/lodash/-/lodash-4.17.15.tgz",
      "integrity": "sha512-8xOcRHvCjnocdS5cpwXQXVzmmh5e5+saE2QGoeQmbKmRS6J3VQppPOIt0MnmE+4xlZoumy0GPG0D0MVIQbNA1A=="
    },
    "node_modules/nanoid": {
      "version": "1.1.0",
      "resolved": "https://registry.npmjs.org/nanoid/-/nanoid-1.1.0.tgz",
      "integrity": "sha512-iOCqgXieGrk8/wDt1n9rZS2KB1dYVssemY0NTWjfzVr+1t1gAmdTp1u2+YHppKro3Bk5S+Gs+xmYCfpuXauYXQ=="
    },
    "node_modules/prepend-transform": {
      "version": "0.0.1016",
      "resolved": "https://registry.npmjs.org/prepend-transform/-/prepend-transform-0.0.1016.tgz",
      "integrity": "sha512-+I6PBx9i/1o/B3Jtz9CmhJ0vmJGaNywO7H7wz03Abg+9phNb8Q3yuElP+xASrUV1P6X4xFzM+huuQisxMSr42g==",
      "dependencies": {
        "chalk": "^2.4.1"
      },
      "bin": {
        "prepend_with": "dist/cli.js"
      }
    },
    "node_modules/residence": {
      "version": "0.0.216",
      "resolved": "https://registry.npmjs.org/residence/-/residence-0.0.216.tgz",
      "integrity": "sha512-/Wu9RCZeO9KbcCW4RsyGIrnPez5w+GLbtQ8rKoFdRbnF/ZEN3LBPDwDtsJHz1x6cLfaoHRLoPZCkiItA0L/hag==",
      "bin": {
        "residence_find_proj_root": "dist/cli.js"
      }
    },
    "node_modules/shortid": {
      "version": "2.2.12",
      "resolved": "https://registry.npmjs.org/shortid/-/shortid-2.2.12.tgz",
      "integrity": "sha512-sw0knB/ioTu/jVYgJz1IP1b5uhPZtZYwQ9ir/EqXZHI4+Jh8rzzGLM3LKptGHBKoDsgTBDfr4yCRNUX7hEIksQ==",
      "dependencies": {
        "nanoid": "^1.0.7"
      }
    },
    "node_modules/supports-color": {
      "version": "5.4.0",
      "resolved": "https://registry.npmjs.org/supports-color/-/supports-color-5.4.0.tgz",
      "integrity": "sha512-zjaXglF5nnWpsq470jSv6P9DwPvgLkuapYmfDm3JWOm0vkNTVF2tI4UrN2r6jH1qM/uc/WtxYY1hYoA2dOKj5w==",
      "dependencies": {
        "has-flag": "^3.0.0"
      },
      "engines": {
        "node": ">=4"
      }
    }
  },
  "dependencies": {
    "@oresoftware/deep.mixin": {
      "version": "0.0.107",
      "resolved": "https://registry.npmjs.org/@oresoftware/deep.mixin/-/deep.mixin-0.0.107.tgz",
      "integrity": "sha512-4reuZcCN6r4GZCl6VLuSKrZahtg7HA/q2wy4YoX+T/G5gHzuEpMD3/d5daoV/Vj6KP1F76iWOsn2H8EYz7g1Cg=="
    },
    "@oresoftware/json-stream-parser": {
      "version": "0.0.111",
      "resolved": "https://registry.npmjs.org/@oresoftware/json-stream-parser/-/json-stream-parser-0.0.111.tgz",
      "integrity": "sha512-C6qIGvw81wk22QC9bKc7r+aTNLkgTeQFPpLVB+t3owcBcKg8v5m717XlVqIUAvw/1UcsjNg8BG9DWaQqrn34Fg=="
    },
    "@oresoftware/safe-stringify": {
      "version": "0.0.1006",
      "resolved": "https://registry.npmjs.org/@oresoftware/safe-stringify/-/safe-stringify-0.0.1006.tgz",
      "integrity": "sha512-PSbElr5oxmQS+byg7qdg7ZPEbfbHSzVSvKnweMTXfv6P2QXXJWXbPjWCQL8yZD0v6DFXnQW+oLTG2BVGxJXDwA=="
    },
    "@oresoftware/shell": {
      "version": "0.0.110",
      "resolved": "https://registry.npmjs.org/@oresoftware/shell/-/shell-0.0.110.tgz",
      "integrity": "sha512-rLt2xV0KS4hMkGsZbxALJ1wJG7tEuD9KtdL5VPp497M5fIwipgUXhLgzuw7Q0L985AeUOM/KjvE9rfi1xnXZBw=="
    },
    "@types/async": {
      "version": "2.0.49",
      "resolved": "https://registry.npmjs.org/@types/async/-/async-2.0.49.tgz",
      "integrity": "sha512-Benr3i5odUkvpFkOpzGqrltGdbSs+EVCkEBGXbuR7uT0VzhXKIkhem6PDzHdx5EonA+rfbB3QvP6aDOw5+zp5Q==",
      "dev": true
    },
    "@types/node": {
      "version": "9.6.23",
      "resolved": "https://registry.npmjs.org/@types/node/-/node-9.6.23.tgz",
      "integrity": "sha512-d2SJJpwkiPudEQ3+9ysANN2Nvz4QJKUPoe/WL5zyQzI0RaEeZWH5K5xjvUIGszTItHQpFPdH+u51f6G/LkS8Cg==",
      "dev": true
    },
    "@types/shortid": {
      "version": "0.0.29",
      "resolved": "https://registry.npmjs.org/@types/shortid/-/shortid-0.0.29.tgz",
      "integrity": "sha1-gJPuBBam4r8qpjOBCRFLP7/6Dps=",
      "dev": true
    },
    "ansi-styles": {
      "version": "3.2.1",
      "resolved": "https://registry.npmjs.org/ansi-styles/-/ansi-styles-3.2.1.tgz",
      "integrity": "sha512-VT0ZI6kZRdTh8YyJw3SMbYm/u+NqfsAxEpWO0Pf9sq8/e94WxxOpPKx9FR1FlyCtOVDNOQ+8ntlqFxiRc+r5qA==",
      "requires": {
        "color-convert": "^1.9.0"
      }
    },
    "assert-plus": {
      "version": "1.0.0",
      "resolved": "https://registry.npmjs.org/assert-plus/-/assert-plus-1.0.0.tgz",
      "integrity": "sha1-8S4PPF13sLHN2RRpQuTpbB5N1SU="
    },
    "async": {
      "version": "2.6.4",
      "resolved": "https://registry.npmjs.org/async/-/async-2.6.4.tgz",
      "integrity": "sha512-mzo5dfJYwAn29PeiJ0zvwTo04zj8HDJj0Mn8TD7sno7q12prdbnasKJHhkm2c1LgrhlJ0teaea8860oxi51mGA==",
      "requires": {
        "lodash": "^4.17.14"
      }
    },
    "chalk": {
      "version": "2.4.1",
      "resolved": "https://registry.npmjs.org/chalk/-/chalk-2.4.1.tgz",
      "integrity": "sha512-ObN6h1v2fTJSmUXoS3nMQ92LbDK9be4TV+6G+omQlGJFdcUX5heKi1LZ1YnRMIgwTLEj3E24bT6tYni50rlCfQ==",
      "requires": {
        "ansi-styles": "^3.2.1",
        "escape-string-regexp": "^1.0.5",
        "supports-color": "^5.3.0"
      }
    },
    "clean-trace": {
      "version": "0.0.104",
      "resolved": "https://registry.npmjs.org/clean-trace/-/clean-trace-0.0.104.tgz",
      "integrity": "sha512-2CDboR5vTLvZPwXiGfjbh4P/GWewd5x/CBrJprPFw6GN5YGZ9yp4sc5i7F7bj3yHLcMV0b0RRFDBrRdVk7wUpA=="
    },
    "color-convert": {
      "version": "1.9.2",
      "resolved": "https://registry.npmjs.org/color-convert/-/color-convert-1.9.2.tgz",
      "integrity": "sha512-3NUJZdhMhcdPn8vJ9v2UQJoH0qqoGUkYTgFEPZaPjEtwmmKUfNV46zZmgB2M5M4DCEQHMaCfWHCxiBflLm04Tg==",
      "requires": {
        "color-name": "1.1.1"
      }
    },
    "color-name": {
      "version": "1.1.1",
      "resolved": "https://registry.npmjs.org/color-name/-/color-name-1.1.1.tgz",
      "integrity": "sha1-SxQVMEz1ACjqgWQ2Q72C6gWANok="
    },
    "dashdash": {
      "version": "1.14.1",
      "resolved": "https://registry.npmjs.org/dashdash/-/dashdash-1.14.1.tgz",
      "integrity": "sha1-hTz6D3y+L+1d4gMmuN1YEDX24vA=",
      "requires": {
        "assert-plus": "^1.0.0"
      }
    },
    "escape-string-regexp": {
      "version": "1.0.5",
      "resolved": "https://registry.npmjs.org/escape-string-regexp/-/escape-string-regexp-1.0.5.tgz",
      "integrity": "sha1-G2HAViGQqN/2rjuyzwIAyhMLhtQ="
    },
    "has-flag": {
      "version": "3.0.0",
      "resolved": "https://registry.npmjs.org/has-flag/-/has-flag-3.0.0.tgz",
      "integrity": "sha1-tdRU3CGZriJWmfNGfloH87lVuv0="
    },
    "json-stdio": {
      "version": "0.1.1011",
      "resolved": "https://registry.npmjs.org/json-stdio/-/json-stdio-0.1.1011.tgz",
      "integrity": "sha512-Cb4Uca/3/170gnot82DVJDzIBagHeBnRoNnHuzKsWCdW1kTVT4F+c33+yi5uLxWaUJZl3fiuCThRnwqaeLHfFA==",
      "requires": {
        "@oresoftware/json-stream-parser": "latest",
        "@oresoftware/safe-stringify": "latest"
      }
    },
    "lodash": {
      "version": "4.17.15",
      "resolved": "https://registry.npmjs.org/lodash/-/lodash-4.17.15.tgz",
      "integrity": "sha512-8xOcRHvCjnocdS5cpwXQXVzmmh5e5+saE2QGoeQmbKmRS6J3VQppPOIt0MnmE+4xlZoumy0GPG0D0MVIQbNA1A=="
    },
    "nanoid": {
      "version": "1.1.0",
      "resolved": "https://registry.npmjs.org/nanoid/-/nanoid-1.1.0.tgz",
      "integrity": "sha512-iOCqgXieGrk8/wDt1n9rZS2KB1dYVssemY0NTWjfzVr+1t1gAmdTp1u2+YHppKro3Bk5S+Gs+xmYCfpuXauYXQ=="
    },
    "prepend-transform": {
      "version": "0.0.1016",
      "resolved": "https://registry.npmjs.org/prepend-transform/-/prepend-transform-0.0.1016.tgz",
      "integrity": "sha512-+I6PBx9i/1o/B3Jtz9CmhJ0vmJGaNywO7H7wz03Abg+9phNb8Q3yuElP+xASrUV1P6X4xFzM+huuQisxMSr42g==",
      "requires": {
        "chalk": "^2.4.1"
      }
    },
    "residence": {
      "version": "0.0.216",
      "resolved": "https://registry.npmjs.org/residence/-/residence-0.0.216.tgz",
      "integrity": "sha512-/Wu9RCZeO9KbcCW4RsyGIrnPez5w+GLbtQ8rKoFdRbnF/ZEN3LBPDwDtsJHz1x6cLfaoHRLoPZCkiItA0L/hag=="
    },
    "shortid": {
      "version": "2.2.12",
      "resolved": "https://registry.npmjs.org/shortid/-/shortid-2.2.12.tgz",
      "integrity": "sha512-sw0knB/ioTu/jVYgJz1IP1b5uhPZtZYwQ9ir/EqXZHI4+Jh8rzzGLM3LKptGHBKoDsgTBDfr4yCRNUX7hEIksQ==",
      "requires": {
        "nanoid": "^1.0.7"
      }
    },
    "supports-color": {
      "version": "5.4.0",
      "resolved": "https://registry.npmjs.org/supports-color/-/supports-color-5.4.0.tgz",
      "integrity": "sha512-zjaXglF5nnWpsq470jSv6P9DwPvgLkuapYmfDm3JWOm0vkNTVF2tI4UrN2r6jH1qM/uc/WtxYY1hYoA2dOKj5w==",
      "requires": {
        "has-flag": "^3.0.0"
      }
    }
  }
}
